
Microsoft Visual Studio Solution File, Format Version 12.00
# Visual Studio Version 17
VisualStudioVersion = 17.14.36518.9 d17.14
MinimumVisualStudioVersion = 10.0.40219.1
Project("{FAE04EC0-301F-11D3-BF4B-00C04F79EFBC}") = "acu_study", "acu_study\acu_study.csproj", "{0CDAF55D-CB4B-478D-883C-679DCAE829AF}"
EndProject
Global
	GlobalSection(SolutionConfigurationPlatforms) = preSolution
		Debug|Any CPU = Debug|Any CPU
		Release|Any CPU = Release|Any CPU
	EndGlobalSection
	GlobalSection(ProjectConfigurationPlatforms) = postSolution
		{0CDAF55D-CB4B-478D-883C-679DCAE829AF}.Debug|Any CPU.ActiveCfg = Debug|Any CPU
		{0CDAF55D-CB4B-478D-883C-679DCAE829AF}.Debug|Any CPU.Build.0 = Debug|Any CPU
		{0CDAF55D-CB4B-478D-883C-679DCAE829AF}.Release|Any CPU.ActiveCfg = Release|Any CPU
		{0CDAF55D-CB4B-478D-883C-679DCAE829AF}.Release|Any CPU.Build.0 = Release|Any CPU
	EndGlobalSection
	GlobalSection(SolutionProperties) = preSolution
		HideSolutionNode = FALSE
	EndGlobalSection
	GlobalSection(ExtensibilityGlobals) = postSolution
		SolutionGuid = {FF1089A4-A9FC-42CB-9DB6-A10E165098A7}
	EndGlobalSection
EndGlobal
